// !$*UTF8*$!
{
	archiveVersion = 1;
	classes = {
	};
	objectVersion = 51;
	objects = {

/* Begin PBXBuildFile section */
		183A6BAD2422065F00D03EA2 /* DropDownView.swift in Sources */ = {isa = PBXBuildFile; fileRef = 183A6BAC2422065F00D03EA2 /* DropDownView.swift */; };
		183A6BAF2422072500D03EA2 /* DropDownView.xib in Resources */ = {isa = PBXBuildFile; fileRef = 183A6BAE2422072500D03EA2 /* DropDownView.xib */; };
		183A6BB12422263000D03EA2 /* DistrictViewController.swift in Sources */ = {isa = PBXBuildFile; fileRef = 183A6BB02422263000D03EA2 /* DistrictViewController.swift */; };
		18FCBA2F240E5BE300FEE182 /* AppDelegate.swift in Sources */ = {isa = PBXBuildFile; fileRef = 18FCBA2E240E5BE300FEE182 /* AppDelegate.swift */; };
		18FCBA31240E5BE300FEE182 /* SceneDelegate.swift in Sources */ = {isa = PBXBuildFile; fileRef = 18FCBA30240E5BE300FEE182 /* SceneDelegate.swift */; };
		18FCBA33240E5BE300FEE182 /* ViewController.swift in Sources */ = {isa = PBXBuildFile; fileRef = 18FCBA32240E5BE300FEE182 /* ViewController.swift */; };
		18FCBA36240E5BE300FEE182 /* Main.storyboard in Resources */ = {isa = PBXBuildFile; fileRef = 18FCBA34240E5BE300FEE182 /* Main.storyboard */; };
		18FCBA38240E5BE700FEE182 /* Assets.xcassets in Resources */ = {isa = PBXBuildFile; fileRef = 18FCBA37240E5BE700FEE182 /* Assets.xcassets */; };
		18FCBA3B240E5BE700FEE182 /* LaunchScreen.storyboard in Resources */ = {isa = PBXBuildFile; fileRef = 18FCBA39240E5BE700FEE182 /* LaunchScreen.storyboard */; };
		18FCBA43240E615800FEE182 /* RegistrationViewController.swift in Sources */ = {isa = PBXBuildFile; fileRef = 18FCBA42240E615800FEE182 /* RegistrationViewController.swift */; };
		A78A9E2474608390BAE029B3 /* Pods_WeatherApp.framework in Frameworks */ = {isa = PBXBuildFile; fileRef = A6CB47C5CF66414C33191F55 /* Pods_WeatherApp.framework */; };
/* End PBXBuildFile section */

/* Begin PBXFileReference section */
		183A6BAC2422065F00D03EA2 /* DropDownView.swift */ = {isa = PBXFileReference; lastKnownFileType = sourcecode.swift; path = DropDownView.swift; sourceTree = "<group>"; };
		183A6BAE2422072500D03EA2 /* DropDownView.xib */ = {isa = PBXFileReference; lastKnownFileType = file.xib; path = DropDownView.xib; sourceTree = "<group>"; };
		183A6BB02422263000D03EA2 /* DistrictViewController.swift */ = {isa = PBXFileReference; lastKnownFileType = sourcecode.swift; path = DistrictViewController.swift; sourceTree = "<group>"; };
		18FCBA2B240E5BE300FEE182 /* WeatherApp.app */ = {isa = PBXFileReference; explicitFileType = wrapper.application; includeInIndex = 0; path = WeatherApp.app; sourceTree = BUILT_PRODUCTS_DIR; };
		18FCBA2E240E5BE300FEE182 /* AppDelegate.swift */ = {isa = PBXFileReference; lastKnownFileType = sourcecode.swift; path = AppDelegate.swift; sourceTree = "<group>"; };
		18FCBA30240E5BE300FEE182 /* SceneDelegate.swift */ = {isa = PBXFileReference; lastKnownFileType = sourcecode.swift; path = SceneDelegate.swift; sourceTree = "<group>"; };
		18FCBA32240E5BE300FEE182 /* ViewController.swift */ = {isa = PBXFileReference; lastKnownFileType = sourcecode.swift; path = ViewController.swift; sourceTree = "<group>"; };
		18FCBA35240E5BE300FEE182 /* Base */ = {isa = PBXFileReference; lastKnownFileType = file.storyboard; name = Base; path = Base.lproj/Main.storyboard; sourceTree = "<group>"; };
		18FCBA37240E5BE700FEE182 /* Assets.xcassets */ = {isa = PBXFileReference; lastKnownFileType = folder.assetcatalog; path = Assets.xcassets; sourceTree = "<group>"; };
		18FCBA3A240E5BE700FEE182 /* Base */ = {isa = PBXFileReference; lastKnownFileType = file.storyboard; name = Base; path = Base.lproj/LaunchScreen.storyboard; sourceTree = "<group>"; };
		18FCBA3C240E5BE700FEE182 /* Info.plist */ = {isa = PBXFileReference; lastKnownFileType = text.plist.xml; path = Info.plist; sourceTree = "<group>"; };
		18FCBA42240E615800FEE182 /* RegistrationViewController.swift */ = {isa = PBXFileReference; lastKnownFileType = sourcecode.swift; path = RegistrationViewController.swift; sourceTree = "<group>"; };
		674C7F741AD72FC6623064A8 /* Pods-WeatherApp.release.xcconfig */ = {isa = PBXFileReference; includeInIndex = 1; lastKnownFileType = text.xcconfig; name = "Pods-WeatherApp.release.xcconfig"; path = "Target Support Files/Pods-WeatherApp/Pods-WeatherApp.release.xcconfig"; sourceTree = "<group>"; };
		925E9578D3A6C5E432C322DC /* Pods-WeatherApp.debug.xcconfig */ = {isa = PBXFileReference; includeInIndex = 1; lastKnownFileType = text.xcconfig; name = "Pods-WeatherApp.debug.xcconfig"; path = "Target Support Files/Pods-WeatherApp/Pods-WeatherApp.debug.xcconfig"; sourceTree = "<group>"; };
		A6CB47C5CF66414C33191F55 /* Pods_WeatherApp.framework */ = {isa = PBXFileReference; explicitFileType = wrapper.framework; includeInIndex = 0; path = Pods_WeatherApp.framework; sourceTree = BUILT_PRODUCTS_DIR; };
/* End PBXFileReference section */

/* Begin PBXFrameworksBuildPhase section */
		18FCBA28240E5BE300FEE182 /* Frameworks */ = {
			isa = PBXFrameworksBuildPhase;
			buildActionMask = 2147483647;
			files = (
				A78A9E2474608390BAE029B3 /* Pods_WeatherApp.framework in Frameworks */,
			);
			runOnlyForDeploymentPostprocessing = 0;
		};
/* End PBXFrameworksBuildPhase section */

/* Begin PBXGroup section */
		18FCBA22240E5BE300FEE182 = {
			isa = PBXGroup;
			children = (
				18FCBA2D240E5BE300FEE182 /* WeatherApp */,
				18FCBA2C240E5BE300FEE182 /* Products */,
				E494FD7D5561EED07B6FF2DA /* Pods */,
				92F84787CFAD8B12DD13970D /* Frameworks */,
			);
			sourceTree = "<group>";
		};
		18FCBA2C240E5BE300FEE182 /* Products */ = {
			isa = PBXGroup;
			children = (
				18FCBA2B240E5BE300FEE182 /* WeatherApp.app */,
			);
			name = Products;
			sourceTree = "<group>";
		};
		18FCBA2D240E5BE300FEE182 /* WeatherApp */ = {
			isa = PBXGroup;
			children = (
				18FCBA2E240E5BE300FEE182 /* AppDelegate.swift */,
				18FCBA30240E5BE300FEE182 /* SceneDelegate.swift */,
				18FCBA32240E5BE300FEE182 /* ViewController.swift */,
				18FCBA34240E5BE300FEE182 /* Main.storyboard */,
				18FCBA37240E5BE700FEE182 /* Assets.xcassets */,
				18FCBA39240E5BE700FEE182 /* LaunchScreen.storyboard */,
				18FCBA3C240E5BE700FEE182 /* Info.plist */,
				18FCBA42240E615800FEE182 /* RegistrationViewController.swift */,
				183A6BAC2422065F00D03EA2 /* DropDownView.swift */,
				183A6BAE2422072500D03EA2 /* DropDownView.xib */,
				183A6BB02422263000D03EA2 /* DistrictViewController.swift */,
			);
			path = WeatherApp;
			sourceTree = "<group>";
		};
		92F84787CFAD8B12DD13970D /* Frameworks */ = {
			isa = PBXGroup;
			children = (
				A6CB47C5CF66414C33191F55 /* Pods_WeatherApp.framework */,
			);
			name = Frameworks;
			sourceTree = "<group>";
		};
		E494FD7D5561EED07B6FF2DA /* Pods */ = {
			isa = PBXGroup;
			children = (
				925E9578D3A6C5E432C322DC /* Pods-WeatherApp.debug.xcconfig */,
				674C7F741AD72FC6623064A8 /* Pods-WeatherApp.release.xcconfig */,
			);
			path = Pods;
			sourceTree = "<group>";
		};
/* End PBXGroup section */

/* Begin PBXNativeTarget section */
		18FCBA2A240E5BE300FEE182 /* WeatherApp */ = {
			isa = PBXNativeTarget;
			buildConfigurationList = 18FCBA3F240E5BE700FEE182 /* Build configuration list for PBXNativeTarget "WeatherApp" */;
			buildPhases = (
				D342073D244E56B659BC5C45 /* [CP] Check Pods Manifest.lock */,
				18FCBA27240E5BE300FEE182 /* Sources */,
				18FCBA28240E5BE300FEE182 /* Frameworks */,
				18FCBA29240E5BE300FEE182 /* Resources */,
				6A688219FF645F64DDD9465E /* [CP] Embed Pods Frameworks */,
			);
			buildRules = (
			);
			dependencies = (
			);
			name = WeatherApp;
			productName = WeatherApp;
			productReference = 18FCBA2B240E5BE300FEE182 /* WeatherApp.app */;
			productType = "com.apple.product-type.application";
		};
/* End PBXNativeTarget section */

/* Begin PBXProject section */
		18FCBA23240E5BE300FEE182 /* Project object */ = {
			isa = PBXProject;
			attributes = {
				LastSwiftUpdateCheck = 1130;
				LastUpgradeCheck = 1130;
				ORGANIZATIONNAME = apple;
				TargetAttributes = {
					18FCBA2A240E5BE300FEE182 = {
						CreatedOnToolsVersion = 11.3.1;
					};
				};
			};
			buildConfigurationList = 18FCBA26240E5BE300FEE182 /* Build configuration list for PBXProject "WeatherApp" */;
			compatibilityVersion = "Xcode 9.3";
			developmentRegion = en;
			hasScannedForEncodings = 0;
			knownRegions = (
				en,
				Base,
			);
			mainGroup = 18FCBA22240E5BE300FEE182;
			productRefGroup = 18FCBA2C240E5BE300FEE182 /* Products */;
			projectDirPath = "";
			projectRoot = "";
			targets = (
				18FCBA2A240E5BE300FEE182 /* WeatherApp */,
			);
		};
/* End PBXProject section */

/* Begin PBXResourcesBuildPhase section */
		18FCBA29240E5BE300FEE182 /* Resources */ = {
			isa = PBXResourcesBuildPhase;
			buildActionMask = 2147483647;
			files = (
				18FCBA3B240E5BE700FEE182 /* LaunchScreen.storyboard in Resources */,
				183A6BAF2422072500D03EA2 /* DropDownView.xib in Resources */,
				18FCBA38240E5BE700FEE182 /* Assets.xcassets in Resources */,
				18FCBA36240E5BE300FEE182 /* Main.storyboard in Resources */,
			);
			runOnlyForDeploymentPostprocessing = 0;
		};
/* End PBXResourcesBuildPhase section */

/* Begin PBXShellScriptBuildPhase section */
		6A688219FF645F64DDD9465E /* [CP] Embed Pods Frameworks */ = {
			isa = PBXShellScriptBuildPhase;
			buildActionMask = 2147483647;
			files = (
			);
			inputFileListPaths = (
				"${PODS_ROOT}/Target Support Files/Pods-WeatherApp/Pods-WeatherApp-frameworks-${CONFIGURATION}-input-files.xcfilelist",
			);
			name = "[CP] Embed Pods Frameworks";
			outputFileListPaths = (
				"${PODS_ROOT}/Target Support Files/Pods-WeatherApp/Pods-WeatherApp-frameworks-${CONFIGURATION}-output-files.xcfilelist",
			);
			runOnlyForDeploymentPostprocessing = 0;
			shellPath = /bin/sh;
			shellScript = "\"${PODS_ROOT}/Target Support Files/Pods-WeatherApp/Pods-WeatherApp-frameworks.sh\"\n";
			showEnvVarsInLog = 0;
		};
		D342073D244E56B659BC5C45 /* [CP] Check Pods Manifest.lock */ = {
			isa = PBXShellScriptBuildPhase;
			buildActionMask = 2147483647;
			files = (
			);
			inputFileListPaths = (
			);
			inputPaths = (
				"${PODS_PODFILE_DIR_PATH}/Podfile.lock",
				"${PODS_ROOT}/Manifest.lock",
			);
			name = "[CP] Check Pods Manifest.lock";
			outputFileListPaths = (
			);
			outputPaths = (
				"$(DERIVED_FILE_DIR)/Pods-WeatherApp-checkManifestLockResult.txt",
			);
			runOnlyForDeploymentPostprocessing = 0;
			shellPath = /bin/sh;
			shellScript = "diff \"${PODS_PODFILE_DIR_PATH}/Podfile.lock\" \"${PODS_ROOT}/Manifest.lock\" > /dev/null\nif [ $? != 0 ] ; then\n    # print error to STDERR\n    echo \"error: The sandbox is not in sync with the Podfile.lock. Run 'pod install' or update your CocoaPods installation.\" >&2\n    exit 1\nfi\n# This output is used by Xcode 'outputs' to avoid re-running this script phase.\necho \"SUCCESS\" > \"${SCRIPT_OUTPUT_FILE_0}\"\n";
			showEnvVarsInLog = 0;
		};
/* End PBXShellScriptBuildPhase section */

/* Begin PBXSourcesBuildPhase section */
		18FCBA27240E5BE300FEE182 /* Sources */ = {
			isa = PBXSourcesBuildPhase;
			buildActionMask = 2147483647;
			files = (
				18FCBA33240E5BE300FEE182 /* ViewController.swift in Sources */,
				183A6BAD2422065F00D03EA2 /* DropDownView.swift in Sources */,
				183A6BB12422263000D03EA2 /* DistrictViewController.swift in Sources */,
				18FCBA2F240E5BE300FEE182 /* AppDelegate.swift in Sources */,
				18FCBA43240E615800FEE182 /* RegistrationViewController.swift in Sources */,
				18FCBA31240E5BE300FEE182 /* SceneDelegate.swift in Sources */,
			);
			runOnlyForDeploymentPostprocessing = 0;
		};
/* End PBXSourcesBuildPhase section */

/* Begin PBXVariantGroup section */
		18FCBA34240E5BE300FEE182 /* Main.storyboard */ = {
			isa = PBXVariantGroup;
			children = (
				18FCBA35240E5BE300FEE182 /* Base */,
			);
			name = Main.storyboard;
			sourceTree = "<group>";
		};
		18FCBA39240E5BE700FEE182 /* LaunchScreen.storyboard */ = {
			isa = PBXVariantGroup;
			children = (
				18FCBA3A240E5BE700FEE182 /* Base */,
			);
			name = LaunchScreen.storyboard;
			sourceTree = "<group>";
		};
/* End PBXVariantGroup section */

/* Begin XCBuildConfiguration section */
		18FCBA3D240E5BE700FEE182 /* Debug */ = {
			isa = XCBuildConfiguration;
			buildSettings = {
				ALWAYS_SEARCH_USER_PATHS = NO;
				CLANG_ANALYZER_NONNULL = YES;
				CLANG_ANALYZER_NUMBER_OBJECT_CONVERSION = YES_AGGRESSIVE;
				CLANG_CXX_LANGUAGE_STANDARD = "gnu++14";
				CLANG_CXX_LIBRARY = "libc++";
				CLANG_ENABLE_MODULES = YES;
				CLANG_ENABLE_OBJC_ARC = YES;
				CLANG_ENABLE_OBJC_WEAK = YES;
				CLANG_WARN_BLOCK_CAPTURE_AUTORELEASING = YES;
				CLANG_WARN_BOOL_CONVERSION = YES;
				CLANG_WARN_COMMA = YES;
				CLANG_WARN_CONSTANT_CONVERSION = YES;
				CLANG_WARN_DEPRECATED_OBJC_IMPLEMENTATIONS = YES;
				CLANG_WARN_DIRECT_OBJC_ISA_USAGE = YES_ERROR;
				CLANG_WARN_DOCUMENTATION_COMMENTS = YES;
				CLANG_WARN_EMPTY_BODY = YES;
				CLANG_WARN_ENUM_CONVERSION = YES;
				CLANG_WARN_INFINITE_RECURSION = YES;
				CLANG_WARN_INT_CONVERSION = YES;
				CLANG_WARN_NON_LITERAL_NULL_CONVERSION = YES;
				CLANG_WARN_OBJC_IMPLICIT_RETAIN_SELF = YES;
				CLANG_WARN_OBJC_LITERAL_CONVERSION = YES;
				CLANG_WARN_OBJC_ROOT_CLASS = YES_ERROR;
				CLANG_WARN_RANGE_LOOP_ANALYSIS = YES;
				CLANG_WARN_STRICT_PROTOTYPES = YES;
				CLANG_WARN_SUSPICIOUS_MOVE = YES;
				CLANG_WARN_UNGUARDED_AVAILABILITY = YES_AGGRESSIVE;
				CLANG_WARN_UNREACHABLE_CODE = YES;
				CLANG_WARN__DUPLICATE_METHOD_MATCH = YES;
				COPY_PHASE_STRIP = NO;
				DEBUG_INFORMATION_FORMAT = dwarf;
				ENABLE_STRICT_OBJC_MSGSEND = YES;
				ENABLE_TESTABILITY = YES;
				GCC_C_LANGUAGE_STANDARD = gnu11;
				GCC_DYNAMIC_NO_PIC = NO;
				GCC_NO_COMMON_BLOCKS = YES;
				GCC_OPTIMIZATION_LEVEL = 0;
				GCC_PREPROCESSOR_DEFINITIONS = (
					"DEBUG=1",
					"$(inherited)",
				);
				GCC_WARN_64_TO_32_BIT_CONVERSION = YES;
				GCC_WARN_ABOUT_RETURN_TYPE = YES_ERROR;
				GCC_WARN_UNDECLARED_SELECTOR = YES;
				GCC_WARN_UNINITIALIZED_AUTOS = YES_AGGRESSIVE;
				GCC_WARN_UNUSED_FUNCTION = YES;
				GCC_WARN_UNUSED_VARIABLE = YES;
				IPHONEOS_DEPLOYMENT_TARGET = 13.2;
				MTL_ENABLE_DEBUG_INFO = INCLUDE_SOURCE;
				MTL_FAST_MATH = YES;
				ONLY_ACTIVE_ARCH = YES;
				SDKROOT = iphoneos;
				SWIFT_ACTIVE_COMPILATION_CONDITIONS = DEBUG;
				SWIFT_OPTIMIZATION_LEVEL = "-Onone";
			};
			name = Debug;
		};
		18FCBA3E240E5BE700FEE182 /* Release */ = {
			isa = XCBuildConfiguration;
			buildSettings = {
				ALWAYS_SEARCH_USER_PATHS = NO;
				CLANG_ANALYZER_NONNULL = YES;
				CLANG_ANALYZER_NUMBER_OBJECT_CONVERSION = YES_AGGRESSIVE;
				CLANG_CXX_LANGUAGE_STANDARD = "gnu++14";
				CLANG_CXX_LIBRARY = "libc++";
				CLANG_ENABLE_MODULES = YES;
				CLANG_ENABLE_OBJC_ARC = YES;
				CLANG_ENABLE_OBJC_WEAK = YES;
				CLANG_WARN_BLOCK_CAPTURE_AUTORELEASING = YES;
				CLANG_WARN_BOOL_CONVERSION = YES;
				CLANG_WARN_COMMA = YES;
				CLANG_WARN_CONSTANT_CONVERSION = YES;
				CLANG_WARN_DEPRECATED_OBJC_IMPLEMENTATIONS = YES;
				CLANG_WARN_DIRECT_OBJC_ISA_USAGE = YES_ERROR;
				CLANG_WARN_DOCUMENTATION_COMMENTS = YES;
				CLANG_WARN_EMPTY_BODY = YES;
				CLANG_WARN_ENUM_CONVERSION = YES;
				CLANG_WARN_INFINITE_RECURSION = YES;
				CLANG_WARN_INT_CONVERSION = YES;
				CLANG_WARN_NON_LITERAL_NULL_CONVERSION = YES;
				CLANG_WARN_OBJC_IMPLICIT_RETAIN_SELF = YES;
				CLANG_WARN_OBJC_LITERAL_CONVERSION = YES;
				CLANG_WARN_OBJC_ROOT_CLASS = YES_ERROR;
				CLANG_WARN_RANGE_LOOP_ANALYSIS = YES;
				CLANG_WARN_STRICT_PROTOTYPES = YES;
				CLANG_WARN_SUSPICIOUS_MOVE = YES;
				CLANG_WARN_UNGUARDED_AVAILABILITY = YES_AGGRESSIVE;
				CLANG_WARN_UNREACHABLE_CODE = YES;
				CLANG_WARN__DUPLICATE_METHOD_MATCH = YES;
				COPY_PHASE_STRIP = NO;
				DEBUG_INFORMATION_FORMAT = "dwarf-with-dsym";
				ENABLE_NS_ASSERTIONS = NO;
				ENABLE_STRICT_OBJC_MSGSEND = YES;
				GCC_C_LANGUAGE_STANDARD = gnu11;
				GCC_NO_COMMON_BLOCKS = YES;
				GCC_WARN_64_TO_32_BIT_CONVERSION = YES;
				GCC_WARN_ABOUT_RETURN_TYPE = YES_ERROR;
				GCC_WARN_UNDECLARED_SELECTOR = YES;
				GCC_WARN_UNINITIALIZED_AUTOS = YES_AGGRESSIVE;
				GCC_WARN_UNUSED_FUNCTION = YES;
				GCC_WARN_UNUSED_VARIABLE = YES;
				IPHONEOS_DEPLOYMENT_TARGET = 13.2;
				MTL_ENABLE_DEBUG_INFO = NO;
				MTL_FAST_MATH = YES;
				SDKROOT = iphoneos;
				SWIFT_COMPILATION_MODE = wholemodule;
				SWIFT_OPTIMIZATION_LEVEL = "-O";
				VALIDATE_PRODUCT = YES;
			};
			name = Release;
		};
		18FCBA40240E5BE700FEE182 /* Debug */ = {
			isa = XCBuildConfiguration;
			baseConfigurationReference = 925E9578D3A6C5E432C322DC /* Pods-WeatherApp.debug.xcconfig */;
			buildSettings = {
				ASSETCATALOG_COMPILER_APPICON_NAME = AppIcon;
				CODE_SIGN_STYLE = Automatic;
				INFOPLIST_FILE = WeatherApp/Info.plist;
				LD_RUNPATH_SEARCH_PATHS = (
					"$(inherited)",
					"@executable_path/Frameworks",
				);
				PRODUCT_BUNDLE_IDENTIFIER = bit.WeatherApp;
				PRODUCT_NAME = "$(TARGET_NAME)";
				SWIFT_VERSION = 5.0;
				TARGETED_DEVICE_FAMILY = "1,2";
			};
			name = Debug;
		};
		18FCBA41240E5BE700FEE182 /* Release */ = {
			isa = XCBuildConfiguration;
			baseConfigurationReference = 674C7F741AD72FC6623064A8 /* Pods-WeatherApp.release.xcconfig */;
			buildSettings = {
				ASSETCATALOG_COMPILER_APPICON_NAME = AppIcon;
				CODE_SIGN_STYLE = Automatic;
				INFOPLIST_FILE = WeatherApp/Info.plist;
				LD_RUNPATH_SEARCH_PATHS = (
					"$(inherited)",
					"@executable_path/Frameworks",
				);
				PRODUCT_BUNDLE_IDENTIFIER = bit.WeatherApp;
				PRODUCT_NAME = "$(TARGET_NAME)";
				SWIFT_VERSION = 5.0;
				TARGETED_DEVICE_FAMILY = "1,2";
			};
			name = Release;
		};
/* End XCBuildConfiguration section */

/* Begin XCConfigurationList section */
		18FCBA26240E5BE300FEE182 /* Build configuration list for PBXProject "WeatherApp" */ = {
			isa = XCConfigurationList;
			buildConfigurations = (
				18FCBA3D240E5BE700FEE182 /* Debug */,
				18FCBA3E240E5BE700FEE182 /* Release */,
			);
			defaultConfigurationIsVisible = 0;
			defaultConfigurationName = Release;
		};
		18FCBA3F240E5BE700FEE182 /* Build configuration list for PBXNativeTarget "WeatherApp" */ = {
			isa = XCConfigurationList;
			buildConfigurations = (
				18FCBA40240E5BE700FEE182 /* Debug */,
				18FCBA41240E5BE700FEE182 /* Release */,
			);
			defaultConfigurationIsVisible = 0;
			defaultConfigurationName = Release;
		};
/* End XCConfigurationList section */
	};
	rootObject = 18FCBA23240E5BE300FEE182 /* Project object */;
}
